
Microsoft Visual Studio Solution File, Format Version 10.00
# Visual Studio 2008
Project("{F184B08F-C81C-45F6-A57F-5ABD9991F28F}") = "HRPDA", "HRPDA\HRPDA.vbproj", "{DE9192E0-05A2-4384-9295-D68D78784B93}"
EndProject
Global
	GlobalSection(SolutionConfigurationPlatforms) = preSolution
		Debug|Any CPU = Debug|Any CPU
		Release|Any CPU = Release|Any CPU
	EndGlobalSection
	GlobalSection(ProjectConfigurationPlatforms) = postSolution
		{DE9192E0-05A2-4384-9295-D68D78784B93}.Debug|Any CPU.ActiveCfg = Debug|Any CPU
		{DE9192E0-05A2-4384-9295-D68D78784B93}.Debug|Any CPU.Build.0 = Debug|Any CPU
		{DE9192E0-05A2-4384-9295-D68D78784B93}.Debug|Any CPU.Deploy.0 = Debug|Any CPU
		{DE9192E0-05A2-4384-9295-D68D78784B93}.Release|Any CPU.ActiveCfg = Release|Any CPU
		{DE9192E0-05A2-4384-9295-D68D78784B93}.Release|Any CPU.Build.0 = Release|Any CPU
		{DE9192E0-05A2-4384-9295-D68D78784B93}.Release|Any CPU.Deploy.0 = Release|Any CPU
	EndGlobalSection
	GlobalSection(SolutionProperties) = preSolution
		HideSolutionNode = FALSE
	EndGlobalSection
EndGlobal
